# This file is automatically @generated by Poetry 1.8.5 and should not be changed by hand.

[[package]]
name = "attrs"
version = "23.1.0"
description = "Classes Without Boilerplate"
optional = false
python-versions = ">=3.7"
files = [
    {file = "attrs-23.1.0-py3-none-any.whl", hash = "sha256:1f28b4522cdc2fb4256ac1a020c78acf9cba2c6b461ccd2c126f3aa8e8335d04"},
    {file = "attrs-23.1.0.tar.gz", hash = "sha256:6279836d581513a26f1bf235f9acd333bc9115683f14f7e8fae46c98fc50e015"},
]

[package.extras]
cov = ["attrs[tests]", "coverage[toml] (>=5.3)"]
dev = ["attrs[docs,tests]", "pre-commit"]
docs = ["furo", "myst-parser", "sphinx", "sphinx-notfound-page", "sphinxcontrib-towncrier", "towncrier", "zope-interface"]
tests = ["attrs[tests-no-zope]", "zope-interface"]
tests-no-zope = ["cloudpickle", "hypothesis", "mypy (>=1.1.1)", "pympler", "pytest (>=4.3.0)", "pytest-mypy-plugins", "pytest-xdist[psutil]"]

[[package]]
name = "autopep8"
version = "2.3.2"
description = "A tool that automatically formats Python code to conform to the PEP 8 style guide"
optional = false
python-versions = ">=3.9"
files = [
    {file = "autopep8-2.3.2-py2.py3-none-any.whl", hash = "sha256:ce8ad498672c845a0c3de2629c15b635ec2b05ef8177a6e7c91c74f3e9b51128"},
    {file = "autopep8-2.3.2.tar.gz", hash = "sha256:89440a4f969197b69a995e4ce0661b031f455a9f776d2c5ba3dbd83466931758"},
]

[package.dependencies]
pycodestyle = ">=2.12.0"
tomli = {version = "*", markers = "python_version < \"3.11\""}

[[package]]
name = "colorama"
version = "0.4.6"
description = "Cross-platform colored terminal text."
optional = false
python-versions = "!=3.0.*,!=3.1.*,!=3.2.*,!=3.3.*,!=3.4.*,!=3.5.*,!=3.6.*,>=2.7"
files = [
    {file = "colorama-0.4.6-py2.py3-none-any.whl", hash = "sha256:4f1d9991f5acc0ca119f9d443620b77f9d6b33703e51011c16baf57afb285fc6"},
    {file = "colorama-0.4.6.tar.gz", hash = "sha256:08695f5cb7ed6e0531a20572697297273c47b8cae5a63ffc6d6ed5c201be6e44"},
]

[[package]]
name = "coverage"
version = "7.6.11"
description = "Code coverage measurement for Python"
optional = false
python-versions = ">=3.9"
files = [
    {file = "coverage-7.6.11-cp310-cp310-macosx_10_9_x86_64.whl", hash = "sha256:eafea49da254a8289bed3fab960f808b322eda5577cb17a3733014928bbfbebd"},
    {file = "coverage-7.6.11-cp310-cp310-macosx_11_0_arm64.whl", hash = "sha256:5a3f7cbbcb4ad95067a6525f83a6fc78d9cbc1e70f8abaeeaeaa72ef34f48fc3"},
    {file = "coverage-7.6.11-cp310-cp310-manylinux_2_17_aarch64.manylinux2014_aarch64.whl", hash = "sha256:de6b079b39246a7da9a40cfa62d5766bd52b4b7a88cf5a82ec4c45bf6e152306"},
    {file = "coverage-7.6.11-cp310-cp310-manylinux_2_5_i686.manylinux1_i686.manylinux_2_17_i686.manylinux2014_i686.whl", hash = "sha256:60d4ad09dfc8c36c4910685faafcb8044c84e4dae302e86c585b3e2e7778726c"},
    {file = "coverage-7.6.11-cp310-cp310-manylinux_2_5_x86_64.manylinux1_x86_64.manylinux_2_17_x86_64.manylinux2014_x86_64.whl", hash = "sha256:8e433b6e3a834a43dae2889adc125f3fa4c66668df420d8e49bc4ee817dd7a70"},
    {file = "coverage-7.6.11-cp310-cp310-musllinux_1_2_aarch64.whl", hash = "sha256:ac5d92e2cc121a13270697e4cb37e1eb4511ac01d23fe1b6c097facc3b46489e"},
    {file = "coverage-7.6.11-cp310-cp310-musllinux_1_2_i686.whl", hash = "sha256:5128f3ba694c0a1bde55fc480090392c336236c3e1a10dad40dc1ab17c7675ff"},
    {file = "coverage-7.6.11-cp310-cp310-musllinux_1_2_x86_64.whl", hash = "sha256:397489c611b76302dfa1d9ea079e138dddc4af80fc6819d5f5119ec8ca6c0e47"},
    {file = "coverage-7.6.11-cp310-cp310-win32.whl", hash = "sha256:c7719a5e1dc93883a6b319bc0374ecd46fb6091ed659f3fbe281ab991634b9b0"},
    {file = "coverage-7.6.11-cp310-cp310-win_amd64.whl", hash = "sha256:c27df03730059118b8a923cfc8b84b7e9976742560af528242f201880879c1da"},
    {file = "coverage-7.6.11-cp311-cp311-macosx_10_9_x86_64.whl", hash = "sha256:532fe139691af134aa8b54ed60dd3c806aa81312d93693bd2883c7b61592c840"},
    {file = "coverage-7.6.11-cp311-cp311-macosx_11_0_arm64.whl", hash = "sha256:e0b0f272901a5172090c0802053fbc503cdc3fa2612720d2669a98a7384a7bec"},
    {file = "coverage-7.6.11-cp311-cp311-manylinux_2_5_i686.manylinux1_i686.manylinux_2_17_i686.manylinux2014_i686.whl", hash = "sha256:4bda710139ea646890d1c000feb533caff86904a0e0638f85e967c28cb8eec50"},
    {file = "coverage-7.6.11-cp311-cp311-manylinux_2_5_x86_64.manylinux1_x86_64.manylinux_2_17_x86_64.manylinux2014_x86_64.whl", hash = "sha256:a165b09e7d5f685bf659063334a9a7b1a2d57b531753d3e04bd442b3cfe5845b"},
    {file = "coverage-7.6.11-cp311-cp311-musllinux_1_2_i686.whl", hash = "sha256:ff136607689c1c87f43d24203b6d2055b42030f352d5176f9c8b204d4235ef27"},
    {file = "coverage-7.6.11-cp311-cp311-musllinux_1_2_x86_64.whl", hash = "sha256:050172741de03525290e67f0161ae5f7f387c88fca50d47fceb4724ceaa591d2"},
    {file = "coverage-7.6.11-cp311-cp311-win32.whl", hash = "sha256:27700d859be68e4fb2e7bf774cf49933dcac6f81a9bc4c13bd41735b8d26a53b"},
    {file = "coverage-7.6.11-cp311-cp311-win_amd64.whl", hash = "sha256:cd4839813b09ab1dd1be1bbc74f9a7787615f931f83952b6a9af1b2d3f708bf7"},
    {file = "coverage-7.6.11-cp312-cp312-macosx_10_13_x86_64.whl", hash = "sha256:dbb1a822fd858d9853333a7c95d4e70dde9a79e65893138ce32c2ec6457d7a36"},
    {file = "coverage-7.6.11-cp312-cp312-macosx_11_0_arm64.whl", hash = "sha256:61c834cbb80946d6ebfddd9b393a4c46bec92fcc0fa069321fcb8049117f76ea"},
    {file = "coverage-7.6.11-cp312-cp312-manylinux_2_5_i686.manylinux1_i686.manylinux_2_17_i686.manylinux2014_i686.whl", hash = "sha256:a46d56e99a31d858d6912d31ffa4ede6a325c86af13139539beefca10a1234ce"},
    {file = "coverage-7.6.11-cp312-cp312-manylinux_2_5_x86_64.manylinux1_x86_64.manylinux_2_17_x86_64.manylinux2014_x86_64.whl", hash = "sha256:5b48db06f53d1864fea6dbd855e6d51d41c0f06c212c3004511c0bdc6847b297"},
    {file = "coverage-7.6.11-cp312-cp312-musllinux_1_2_i686.whl", hash = "sha256:b6ff5be3b1853e0862da9d349fe87f869f68e63a25f7c37ce1130b321140f963"},
    {file = "coverage-7.6.11-cp312-cp312-musllinux_1_2_x86_64.whl", hash = "sha256:be05bde21d5e6eefbc3a6de6b9bee2b47894b8945342e8663192809c4d1f08ce"},
    {file = "coverage-7.6.11-cp312-cp312-win32.whl", hash = "sha256:e3b746fa0ffc5b6b8856529de487da8b9aeb4fb394bb58de6502ef45f3434f12"},
    {file = "coverage-7.6.11-cp312-cp312-win_amd64.whl", hash = "sha256:ac476e6d0128fb7919b3fae726de72b28b5c9644cb4b579e4a523d693187c551"},
    {file = "coverage-7.6.11-cp313-cp313-macosx_10_13_x86_64.whl", hash = "sha256:c86f4c7a6d1a54a24d804d9684d96e36a62d3ef7c0d7745ae2ea39e3e0293251"},
    {file = "coverage-7.6.11-cp313-cp313-macosx_11_0_arm64.whl", hash = "sha256:7eb0504bb307401fd08bc5163a351df301438b3beb88a4fa044681295bbefc67"},
    {file = "coverage-7.6.11-cp313-cp313-manylinux_2_17_aarch64.manylinux2014_aarch64.whl", hash = "sha256:ca95d40900cf614e07f00cee8c2fad0371df03ca4d7a80161d84be2ec132b7a4"},
    {file = "coverage-7.6.11-cp313-cp313-manylinux_2_5_i686.manylinux1_i686.manylinux_2_17_i686.manylinux2014_i686.whl", hash = "sha256:db4b1a69976b1b02acda15937538a1d3fe10b185f9d99920b17a740a0a102e06"},
    {file = "coverage-7.6.11-cp313-cp313-manylinux_2_5_x86_64.manylinux1_x86_64.manylinux_2_17_x86_64.manylinux2014_x86_64.whl", hash = "sha256:4cf96beb05d004e4c51cd846fcdf9eee9eb2681518524b66b2e7610507944c2f"},
    {file = "coverage-7.6.11-cp313-cp313-musllinux_1_2_aarch64.whl", hash = "sha256:08e5fb93576a6b054d3d326242af5ef93daaac9bb52bc25f12ccbc3fa94227cd"},
    {file = "coverage-7.6.11-cp313-cp313-musllinux_1_2_i686.whl", hash = "sha256:25575cd5a7d2acc46b42711e8aff826027c0e4f80fb38028a74f31ac22aae69d"},
    {file = "coverage-7.6.11-cp313-cp313-musllinux_1_2_x86_64.whl", hash = "sha256:8fa4fffd90ee92f62ff7404b4801b59e8ea8502e19c9bf2d3241ce745b52926c"},
    {file = "coverage-7.6.11-cp313-cp313-win32.whl", hash = "sha256:0d03c9452d9d1ccfe5d3a5df0427705022a49b356ac212d529762eaea5ef97b4"},
    {file = "coverage-7.6.11-cp313-cp313-win_amd64.whl", hash = "sha256:fd2fffc8ce8692ce540103dff26279d2af22d424516ddebe2d7e4d6dbb3816b2"},
    {file = "coverage-7.6.11-cp313-cp313t-macosx_10_13_x86_64.whl", hash = "sha256:5e7ac966ab110bd94ee844f2643f196d78fde1cd2450399116d3efdd706e19f5"},
    {file = "coverage-7.6.11-cp313-cp313t-macosx_11_0_arm64.whl", hash = "sha256:6ba27a0375c5ef4d2a7712f829265102decd5ff78b96d342ac2fa555742c4f4f"},
    {file = "coverage-7.6.11-cp313-cp313t-manylinux_2_17_aarch64.manylinux2014_aarch64.whl", hash = "sha256:e2778be4f574b39ec9dcd9e5e13644f770351ee0990a0ecd27e364aba95af89b"},
    {file = "coverage-7.6.11-cp313-cp313t-manylinux_2_5_i686.manylinux1_i686.manylinux_2_17_i686.manylinux2014_i686.whl", hash = "sha256:5edc16712187139ab635a2e644cc41fc239bc6d245b16124045743130455c652"},
    {file = "coverage-7.6.11-cp313-cp313t-manylinux_2_5_x86_64.manylinux1_x86_64.manylinux_2_17_x86_64.manylinux2014_x86_64.whl", hash = "sha256:df6ff122a0a10a30121d9f0cb3fbd03a6fe05861e4ec47adb9f25e9245aabc19"},
    {file = "coverage-7.6.11-cp313-cp313t-musllinux_1_2_aarch64.whl", hash = "sha256:ff562952f15eff27247a4c4b03e45ce8a82e3fb197de6a7c54080f9d4ba07845"},
    {file = "coverage-7.6.11-cp313-cp313t-musllinux_1_2_i686.whl", hash = "sha256:4f21e3617f48d683f30cf2a6c8b739c838e600cb1454fe6b2eb486ac2bce8fbd"},
    {file = "coverage-7.6.11-cp313-cp313t-musllinux_1_2_x86_64.whl", hash = "sha256:6d60577673ba48d8ae8e362e61fd4ad1a640293ffe8991d11c86f195479100b7"},
    {file = "coverage-7.6.11-cp313-cp313t-win32.whl", hash = "sha256:13100f98497086b359bf56fc035a762c674de8ef526daa389ac8932cb9bff1e0"},
    {file = "coverage-7.6.11-cp313-cp313t-win_amd64.whl", hash = "sha256:2c81e53782043b323bd34c7de711ed9b4673414eb517eaf35af92185b873839c"},
    {file = "coverage-7.6.11-cp39-cp39-macosx_10_9_x86_64.whl", hash = "sha256:ff52b4e2ac0080c96e506819586c4b16cdbf46724bda90d308a7330a73cc8521"},
    {file = "coverage-7.6.11-cp39-cp39-macosx_11_0_arm64.whl", hash = "sha256:f4679fcc9eb9004fdd1b00231ef1ec7167168071bebc4d66327e28c1979b4449"},
    {file = "coverage-7.6.11-cp39-cp39-manylinux_2_5_i686.manylinux1_i686.manylinux_2_17_i686.manylinux2014_i686.whl", hash = "sha256:90de4e9ca4489e823138bd13098af9ac8028cc029f33f60098b5c08c675c7bda"},
    {file = "coverage-7.6.11-cp39-cp39-manylinux_2_5_x86_64.manylinux1_x86_64.manylinux_2_17_x86_64.manylinux2014_x86_64.whl", hash = "sha256:6c96a142057d83ee993eaf71629ca3fb952cda8afa9a70af4132950c2bd3deb9"},
    {file = "coverage-7.6.11-cp39-cp39-musllinux_1_2_i686.whl", hash = "sha256:476f29a258b9cd153f2be5bf5f119d670d2806363595263917bddc167d6e5cce"},
    {file = "coverage-7.6.11-cp39-cp39-musllinux_1_2_x86_64.whl", hash = "sha256:09d03f48d9025b8a6a116cddcb6c7b8ce80e4fb4c31dd2e124a7c377036ad58e"},
    {file = "coverage-7.6.11-cp39-cp39-win32.whl", hash = "sha256:bb35ae9f134fbd9cf7302a9654d5a1e597c974202678082dcc569eb39a8cde03"},
    {file = "coverage-7.6.11-cp39-cp39-win_amd64.whl", hash = "sha256:f382004fa4c93c01016d9226b9d696a08c53f6818b7ad59b4e96cb67e863353a"},
    {file = "coverage-7.6.11-pp39.pp310-none-any.whl", hash = "sha256:adc2d941c0381edfcf3897f94b9f41b1e504902fab78a04b1677f2f72afead4b"},
    {file = "coverage-7.6.11-py3-none-any.whl", hash = "sha256:f0f334ae844675420164175bf32b04e18a81fe57ad8eb7e0cfd4689d681ffed7"},
    {file = "coverage-7.6.11.tar.gz", hash = "sha256:e642e6a46a04e992ebfdabed79e46f478ec60e2c528e1e1a074d63800eda4286"},
]

[package.extras]
toml = ["tomli"]

[[package]]
name = "exceptiongroup"
version = "1.1.1"
description = "Backport of PEP 654 (exception groups)"
optional = false
python-versions = ">=3.7"
files = [
    {file = "exceptiongroup-1.1.1-py3-none-any.whl", hash = "sha256:232c37c63e4f682982c8b6459f33a8981039e5fb8756b2074364e5055c498c9e"},
    {file = "exceptiongroup-1.1.1.tar.gz", hash = "sha256:d484c3090ba2889ae2928419117447a14daf3c1231d5e30d0aae34f354f01785"},
]

[package.extras]
test = ["pytest (>=6)"]

[[package]]
name = "fl-studio-api-stubs"
version = "33.2.0"
description = "Module and function definitions and documentation for the FL Studio Python API"
optional = false
python-versions = ">=3.9,<4.0"
files = [
    {file = "fl_studio_api_stubs-33.2.0-py3-none-any.whl", hash = "sha256:2834f13dfecd978bd5e0d07ee23cd124f8575e00b97a6ad3637663fd347dc34a"},
    {file = "fl_studio_api_stubs-33.2.0.tar.gz", hash = "sha256:277bedf18e78aa58db3976c1ab8f54b03d1080124e8083de0b8564bf5d8ee185"},
]

[package.dependencies]
jsonschema = ">=4.17.3,<5.0.0"

[[package]]
name = "flake8"
version = "7.1.2"
description = "the modular source code checker: pep8 pyflakes and co"
optional = false
python-versions = ">=3.8.1"
files = [
    {file = "flake8-7.1.2-py2.py3-none-any.whl", hash = "sha256:1cbc62e65536f65e6d754dfe6f1bada7f5cf392d6f5db3c2b85892466c3e7c1a"},
    {file = "flake8-7.1.2.tar.gz", hash = "sha256:c586ffd0b41540951ae41af572e6790dbd49fc12b3aa2541685d253d9bd504bd"},
]

[package.dependencies]
mccabe = ">=0.7.0,<0.8.0"
pycodestyle = ">=2.12.0,<2.13.0"
pyflakes = ">=3.2.0,<3.3.0"

[[package]]
name = "flake8-pyproject"
version = "1.2.3"
description = "Flake8 plug-in loading the configuration from pyproject.toml"
optional = false
python-versions = ">= 3.6"
files = [
    {file = "flake8_pyproject-1.2.3-py3-none-any.whl", hash = "sha256:6249fe53545205af5e76837644dc80b4c10037e73a0e5db87ff562d75fb5bd4a"},
]

[package.dependencies]
Flake8 = ">=5"
TOMLi = {version = "*", markers = "python_version < \"3.11\""}

[package.extras]
dev = ["pyTest", "pyTest-cov"]

[[package]]
name = "iniconfig"
version = "2.0.0"
description = "brain-dead simple config-ini parsing"
optional = false
python-versions = ">=3.7"
files = [
    {file = "iniconfig-2.0.0-py3-none-any.whl", hash = "sha256:b6a85871a79d2e3b22d2d1b94ac2824226a63c6b741c88f7ae975f18b6778374"},
    {file = "iniconfig-2.0.0.tar.gz", hash = "sha256:2d91e135bf72d31a410b17c16da610a82cb55f6b0477d1a902134b24a455b8b3"},
]

[[package]]
name = "isort"
version = "6.0.0"
description = "A Python utility / library to sort Python imports."
optional = false
python-versions = ">=3.9.0"
files = [
    {file = "isort-6.0.0-py3-none-any.whl", hash = "sha256:567954102bb47bb12e0fae62606570faacddd441e45683968c8d1734fb1af892"},
    {file = "isort-6.0.0.tar.gz", hash = "sha256:75d9d8a1438a9432a7d7b54f2d3b45cad9a4a0fdba43617d9873379704a8bdf1"},
]

[package.extras]
colors = ["colorama"]
plugins = ["setuptools"]

[[package]]
name = "jestspectation"
version = "1.4.5"
description = "Pattern matching tools to test complex data structures"
optional = false
python-versions = ">=3.9"
files = [
    {file = "jestspectation-1.4.5-py3-none-any.whl", hash = "sha256:22f86f6b7b103b4244018510027a9b453f677097d7dfd4580a6d89e782669f0a"},
    {file = "jestspectation-1.4.5.tar.gz", hash = "sha256:ef709fd51d2e72950fc093c34d1fc5eacec568a8756a4f7f649cd5f6ba949570"},
]

[package.dependencies]
typing-extensions = ">=4.5.0"

[[package]]
name = "jsonschema"
version = "4.17.3"
description = "An implementation of JSON Schema validation for Python"
optional = false
python-versions = ">=3.7"
files = [
    {file = "jsonschema-4.17.3-py3-none-any.whl", hash = "sha256:a870ad254da1a8ca84b6a2905cac29d265f805acc57af304784962a2aa6508f6"},
    {file = "jsonschema-4.17.3.tar.gz", hash = "sha256:0f864437ab8b6076ba6707453ef8f98a6a0d512a80e93f8abdb676f737ecb60d"},
]

[package.dependencies]
attrs = ">=17.4.0"
pyrsistent = ">=0.14.0,<0.17.0 || >0.17.0,<0.17.1 || >0.17.1,<0.17.2 || >0.17.2"

[package.extras]
format = ["fqdn", "idna", "isoduration", "jsonpointer (>1.13)", "rfc3339-validator", "rfc3987", "uri-template", "webcolors (>=1.11)"]
format-nongpl = ["fqdn", "idna", "isoduration", "jsonpointer (>1.13)", "rfc3339-validator", "rfc3986-validator (>0.1.0)", "uri-template", "webcolors (>=1.11)"]

[[package]]
name = "mccabe"
version = "0.7.0"
description = "McCabe checker, plugin for flake8"
optional = false
python-versions = ">=3.6"
files = [
    {file = "mccabe-0.7.0-py2.py3-none-any.whl", hash = "sha256:6c2d30ab6be0e4a46919781807b4f0d834ebdd6c6e3dca0bda5a15f863427b6e"},
    {file = "mccabe-0.7.0.tar.gz", hash = "sha256:348e0240c33b60bbdf4e523192ef919f28cb2c3d7d5c7794f74009290f236325"},
]

[[package]]
name = "mypy"
version = "1.15.0"
description = "Optional static typing for Python"
optional = false
python-versions = ">=3.9"
files = [
    {file = "mypy-1.15.0-cp310-cp310-macosx_10_9_x86_64.whl", hash = "sha256:979e4e1a006511dacf628e36fadfecbcc0160a8af6ca7dad2f5025529e082c13"},
    {file = "mypy-1.15.0-cp310-cp310-macosx_11_0_arm64.whl", hash = "sha256:c4bb0e1bd29f7d34efcccd71cf733580191e9a264a2202b0239da95984c5b559"},
    {file = "mypy-1.15.0-cp310-cp310-manylinux_2_17_aarch64.manylinux2014_aarch64.manylinux_2_28_aarch64.whl", hash = "sha256:be68172e9fd9ad8fb876c6389f16d1c1b5f100ffa779f77b1fb2176fcc9ab95b"},
    {file = "mypy-1.15.0-cp310-cp310-manylinux_2_17_x86_64.manylinux2014_x86_64.manylinux_2_28_x86_64.whl", hash = "sha256:c7be1e46525adfa0d97681432ee9fcd61a3964c2446795714699a998d193f1a3"},
    {file = "mypy-1.15.0-cp310-cp310-musllinux_1_2_x86_64.whl", hash = "sha256:2e2c2e6d3593f6451b18588848e66260ff62ccca522dd231cd4dd59b0160668b"},
    {file = "mypy-1.15.0-cp310-cp310-win_amd64.whl", hash = "sha256:6983aae8b2f653e098edb77f893f7b6aca69f6cffb19b2cc7443f23cce5f4828"},
    {file = "mypy-1.15.0-cp311-cp311-macosx_10_9_x86_64.whl", hash = "sha256:2922d42e16d6de288022e5ca321cd0618b238cfc5570e0263e5ba0a77dbef56f"},
    {file = "mypy-1.15.0-cp311-cp311-macosx_11_0_arm64.whl", hash = "sha256:2ee2d57e01a7c35de00f4634ba1bbf015185b219e4dc5909e281016df43f5ee5"},
    {file = "mypy-1.15.0-cp311-cp311-manylinux_2_17_aarch64.manylinux2014_aarch64.manylinux_2_28_aarch64.whl", hash = "sha256:973500e0774b85d9689715feeffcc980193086551110fd678ebe1f4342fb7c5e"},
    {file = "mypy-1.15.0-cp311-cp311-manylinux_2_17_x86_64.manylinux2014_x86_64.manylinux_2_28_x86_64.whl", hash = "sha256:5a95fb17c13e29d2d5195869262f8125dfdb5c134dc8d9a9d0aecf7525b10c2c"},
    {file = "mypy-1.15.0-cp311-cp311-musllinux_1_2_x86_64.whl", hash = "sha256:1905f494bfd7d85a23a88c5d97840888a7bd516545fc5aaedff0267e0bb54e2f"},
    {file = "mypy-1.15.0-cp311-cp311-win_amd64.whl", hash = "sha256:c9817fa23833ff189db061e6d2eff49b2f3b6ed9856b4a0a73046e41932d744f"},
    {file = "mypy-1.15.0-cp312-cp312-macosx_10_13_x86_64.whl", hash = "sha256:aea39e0583d05124836ea645f412e88a5c7d0fd77a6d694b60d9b6b2d9f184fd"},
    {file = "mypy-1.15.0-cp312-cp312-macosx_11_0_arm64.whl", hash = "sha256:2f2147ab812b75e5b5499b01ade1f4a81489a147c01585cda36019102538615f"},
    {file = "mypy-1.15.0-cp312-cp312-manylinux_2_17_aarch64.manylinux2014_aarch64.manylinux_2_28_aarch64.whl", hash = "sha256:ce436f4c6d218a070048ed6a44c0bbb10cd2cc5e272b29e7845f6a2f57ee4464"},
    {file = "mypy-1.15.0-cp312-cp312-manylinux_2_17_x86_64.manylinux2014_x86_64.manylinux_2_28_x86_64.whl", hash = "sha256:8023ff13985661b50a5928fc7a5ca15f3d1affb41e5f0a9952cb68ef090b31ee"},
    {file = "mypy-1.15.0-cp312-cp312-musllinux_1_2_x86_64.whl", hash = "sha256:1124a18bc11a6a62887e3e137f37f53fbae476dc36c185d549d4f837a2a6a14e"},
    {file = "mypy-1.15.0-cp312-cp312-win_amd64.whl", hash = "sha256:171a9ca9a40cd1843abeca0e405bc1940cd9b305eaeea2dda769ba096932bb22"},
    {file = "mypy-1.15.0-cp313-cp313-macosx_10_13_x86_64.whl", hash = "sha256:93faf3fdb04768d44bf28693293f3904bbb555d076b781ad2530214ee53e3445"},
    {file = "mypy-1.15.0-cp313-cp313-macosx_11_0_arm64.whl", hash = "sha256:811aeccadfb730024c5d3e326b2fbe9249bb7413553f15499a4050f7c30e801d"},
    {file = "mypy-1.15.0-cp313-cp313-manylinux_2_17_aarch64.manylinux2014_aarch64.manylinux_2_28_aarch64.whl", hash = "sha256:98b7b9b9aedb65fe628c62a6dc57f6d5088ef2dfca37903a7d9ee374d03acca5"},
    {file = "mypy-1.15.0-cp313-cp313-manylinux_2_17_x86_64.manylinux2014_x86_64.manylinux_2_28_x86_64.whl", hash = "sha256:c43a7682e24b4f576d93072216bf56eeff70d9140241f9edec0c104d0c515036"},
    {file = "mypy-1.15.0-cp313-cp313-musllinux_1_2_x86_64.whl", hash = "sha256:baefc32840a9f00babd83251560e0ae1573e2f9d1b067719479bfb0e987c6357"},
    {file = "mypy-1.15.0-cp313-cp313-win_amd64.whl", hash = "sha256:b9378e2c00146c44793c98b8d5a61039a048e31f429fb0eb546d93f4b000bedf"},
    {file = "mypy-1.15.0-cp39-cp39-macosx_10_9_x86_64.whl", hash = "sha256:e601a7fa172c2131bff456bb3ee08a88360760d0d2f8cbd7a75a65497e2df078"},
    {file = "mypy-1.15.0-cp39-cp39-macosx_11_0_arm64.whl", hash = "sha256:712e962a6357634fef20412699a3655c610110e01cdaa6180acec7fc9f8513ba"},
    {file = "mypy-1.15.0-cp39-cp39-manylinux_2_17_aarch64.manylinux2014_aarch64.manylinux_2_28_aarch64.whl", hash = "sha256:f95579473af29ab73a10bada2f9722856792a36ec5af5399b653aa28360290a5"},
    {file = "mypy-1.15.0-cp39-cp39-manylinux_2_17_x86_64.manylinux2014_x86_64.manylinux_2_28_x86_64.whl", hash = "sha256:8f8722560a14cde92fdb1e31597760dc35f9f5524cce17836c0d22841830fd5b"},
    {file = "mypy-1.15.0-cp39-cp39-musllinux_1_2_x86_64.whl", hash = "sha256:1fbb8da62dc352133d7d7ca90ed2fb0e9d42bb1a32724c287d3c76c58cbaa9c2"},
    {file = "mypy-1.15.0-cp39-cp39-win_amd64.whl", hash = "sha256:d10d994b41fb3497719bbf866f227b3489048ea4bbbb5015357db306249f7980"},
    {file = "mypy-1.15.0-py3-none-any.whl", hash = "sha256:5469affef548bd1895d86d3bf10ce2b44e33d86923c29e4d675b3e323437ea3e"},
    {file = "mypy-1.15.0.tar.gz", hash = "sha256:404534629d51d3efea5c800ee7c42b72a6554d6c400e6a79eafe15d11341fd43"},
]

[package.dependencies]
mypy_extensions = ">=1.0.0"
tomli = {version = ">=1.1.0", markers = "python_version < \"3.11\""}
typing_extensions = ">=4.6.0"

[package.extras]
dmypy = ["psutil (>=4.0)"]
faster-cache = ["orjson"]
install-types = ["pip"]
mypyc = ["setuptools (>=50)"]
reports = ["lxml"]

[[package]]
name = "mypy-extensions"
version = "1.0.0"
description = "Type system extensions for programs checked with the mypy type checker."
optional = false
python-versions = ">=3.5"
files = [
    {file = "mypy_extensions-1.0.0-py3-none-any.whl", hash = "sha256:4392f6c0eb8a5668a69e23d168ffa70f0be9ccfd32b5cc2d26a34ae5b844552d"},
    {file = "mypy_extensions-1.0.0.tar.gz", hash = "sha256:75dbf8955dc00442a438fc4d0666508a9a97b6bd41aa2f0ffe9d2f2725af0782"},
]

[[package]]
name = "packaging"
version = "23.1"
description = "Core utilities for Python packages"
optional = false
python-versions = ">=3.7"
files = [
    {file = "packaging-23.1-py3-none-any.whl", hash = "sha256:994793af429502c4ea2ebf6bf664629d07c1a9fe974af92966e4b8d2df7edc61"},
    {file = "packaging-23.1.tar.gz", hash = "sha256:a392980d2b6cffa644431898be54b0045151319d1e7ec34f0cfed48767dd334f"},
]

[[package]]
name = "pluggy"
version = "1.5.0"
description = "plugin and hook calling mechanisms for python"
optional = false
python-versions = ">=3.8"
files = [
    {file = "pluggy-1.5.0-py3-none-any.whl", hash = "sha256:44e1ad92c8ca002de6377e165f3e0f1be63266ab4d554740532335b9d75ea669"},
    {file = "pluggy-1.5.0.tar.gz", hash = "sha256:2cffa88e94fdc978c4c574f15f9e59b7f4201d439195c3715ca9e2486f1d0cf1"},
]

[package.extras]
dev = ["pre-commit", "tox"]
testing = ["pytest", "pytest-benchmark"]

[[package]]
name = "pycodestyle"
version = "2.12.0"
description = "Python style guide checker"
optional = false
python-versions = ">=3.8"
files = [
    {file = "pycodestyle-2.12.0-py2.py3-none-any.whl", hash = "sha256:949a39f6b86c3e1515ba1787c2022131d165a8ad271b11370a8819aa070269e4"},
    {file = "pycodestyle-2.12.0.tar.gz", hash = "sha256:442f950141b4f43df752dd303511ffded3a04c2b6fb7f65980574f0c31e6e79c"},
]

[[package]]
name = "pyflakes"
version = "3.2.0"
description = "passive checker of Python programs"
optional = false
python-versions = ">=3.8"
files = [
    {file = "pyflakes-3.2.0-py2.py3-none-any.whl", hash = "sha256:84b5be138a2dfbb40689ca07e2152deb896a65c3a3e24c251c5c62489568074a"},
    {file = "pyflakes-3.2.0.tar.gz", hash = "sha256:1c61603ff154621fb2a9172037d84dca3500def8c8b630657d1701f026f8af3f"},
]

[[package]]
name = "pyrsistent"
version = "0.19.3"
description = "Persistent/Functional/Immutable data structures"
optional = false
python-versions = ">=3.7"
files = [
    {file = "pyrsistent-0.19.3-cp310-cp310-macosx_10_9_universal2.whl", hash = "sha256:20460ac0ea439a3e79caa1dbd560344b64ed75e85d8703943e0b66c2a6150e4a"},
    {file = "pyrsistent-0.19.3-cp310-cp310-manylinux_2_17_aarch64.manylinux2014_aarch64.whl", hash = "sha256:4c18264cb84b5e68e7085a43723f9e4c1fd1d935ab240ce02c0324a8e01ccb64"},
    {file = "pyrsistent-0.19.3-cp310-cp310-manylinux_2_5_i686.manylinux1_i686.manylinux_2_17_i686.manylinux2014_i686.whl", hash = "sha256:4b774f9288dda8d425adb6544e5903f1fb6c273ab3128a355c6b972b7df39dcf"},
    {file = "pyrsistent-0.19.3-cp310-cp310-win32.whl", hash = "sha256:5a474fb80f5e0d6c9394d8db0fc19e90fa540b82ee52dba7d246a7791712f74a"},
    {file = "pyrsistent-0.19.3-cp310-cp310-win_amd64.whl", hash = "sha256:49c32f216c17148695ca0e02a5c521e28a4ee6c5089f97e34fe24163113722da"},
    {file = "pyrsistent-0.19.3-cp311-cp311-macosx_10_9_universal2.whl", hash = "sha256:f0774bf48631f3a20471dd7c5989657b639fd2d285b861237ea9e82c36a415a9"},
    {file = "pyrsistent-0.19.3-cp311-cp311-manylinux_2_17_aarch64.manylinux2014_aarch64.whl", hash = "sha256:3ab2204234c0ecd8b9368dbd6a53e83c3d4f3cab10ecaf6d0e772f456c442393"},
    {file = "pyrsistent-0.19.3-cp311-cp311-manylinux_2_5_i686.manylinux1_i686.manylinux_2_17_i686.manylinux2014_i686.whl", hash = "sha256:e42296a09e83028b3476f7073fcb69ffebac0e66dbbfd1bd847d61f74db30f19"},
    {file = "pyrsistent-0.19.3-cp311-cp311-win32.whl", hash = "sha256:64220c429e42a7150f4bfd280f6f4bb2850f95956bde93c6fda1b70507af6ef3"},
    {file = "pyrsistent-0.19.3-cp311-cp311-win_amd64.whl", hash = "sha256:016ad1afadf318eb7911baa24b049909f7f3bb2c5b1ed7b6a8f21db21ea3faa8"},
    {file = "pyrsistent-0.19.3-cp37-cp37m-macosx_10_9_x86_64.whl", hash = "sha256:c4db1bd596fefd66b296a3d5d943c94f4fac5bcd13e99bffe2ba6a759d959a28"},
    {file = "pyrsistent-0.19.3-cp37-cp37m-manylinux_2_17_aarch64.manylinux2014_aarch64.whl", hash = "sha256:aeda827381f5e5d65cced3024126529ddc4289d944f75e090572c77ceb19adbf"},
    {file = "pyrsistent-0.19.3-cp37-cp37m-manylinux_2_5_i686.manylinux1_i686.manylinux_2_17_i686.manylinux2014_i686.whl", hash = "sha256:42ac0b2f44607eb92ae88609eda931a4f0dfa03038c44c772e07f43e738bcac9"},
    {file = "pyrsistent-0.19.3-cp37-cp37m-win32.whl", hash = "sha256:e8f2b814a3dc6225964fa03d8582c6e0b6650d68a232df41e3cc1b66a5d2f8d1"},
    {file = "pyrsistent-0.19.3-cp37-cp37m-win_amd64.whl", hash = "sha256:c9bb60a40a0ab9aba40a59f68214eed5a29c6274c83b2cc206a359c4a89fa41b"},
    {file = "pyrsistent-0.19.3-cp38-cp38-macosx_10_9_universal2.whl", hash = "sha256:a2471f3f8693101975b1ff85ffd19bb7ca7dd7c38f8a81701f67d6b4f97b87d8"},
    {file = "pyrsistent-0.19.3-cp38-cp38-manylinux_2_17_aarch64.manylinux2014_aarch64.whl", hash = "sha256:cc5d149f31706762c1f8bda2e8c4f8fead6e80312e3692619a75301d3dbb819a"},
    {file = "pyrsistent-0.19.3-cp38-cp38-manylinux_2_5_i686.manylinux1_i686.manylinux_2_17_i686.manylinux2014_i686.whl", hash = "sha256:3311cb4237a341aa52ab8448c27e3a9931e2ee09561ad150ba94e4cfd3fc888c"},
    {file = "pyrsistent-0.19.3-cp38-cp38-win32.whl", hash = "sha256:f0e7c4b2f77593871e918be000b96c8107da48444d57005b6a6bc61fb4331b2c"},
    {file = "pyrsistent-0.19.3-cp38-cp38-win_amd64.whl", hash = "sha256:c147257a92374fde8498491f53ffa8f4822cd70c0d85037e09028e478cababb7"},
    {file = "pyrsistent-0.19.3-cp39-cp39-macosx_10_9_universal2.whl", hash = "sha256:b735e538f74ec31378f5a1e3886a26d2ca6351106b4dfde376a26fc32a044edc"},
    {file = "pyrsistent-0.19.3-cp39-cp39-manylinux_2_17_aarch64.manylinux2014_aarch64.whl", hash = "sha256:99abb85579e2165bd8522f0c0138864da97847875ecbd45f3e7e2af569bfc6f2"},
    {file = "pyrsistent-0.19.3-cp39-cp39-manylinux_2_5_i686.manylinux1_i686.manylinux_2_17_i686.manylinux2014_i686.whl", hash = "sha256:3a8cb235fa6d3fd7aae6a4f1429bbb1fec1577d978098da1252f0489937786f3"},
    {file = "pyrsistent-0.19.3-cp39-cp39-win32.whl", hash = "sha256:c74bed51f9b41c48366a286395c67f4e894374306b197e62810e0fdaf2364da2"},
    {file = "pyrsistent-0.19.3-cp39-cp39-win_amd64.whl", hash = "sha256:878433581fc23e906d947a6814336eee031a00e6defba224234169ae3d3d6a98"},
    {file = "pyrsistent-0.19.3-py3-none-any.whl", hash = "sha256:ccf0d6bd208f8111179f0c26fdf84ed7c3891982f2edaeae7422575f47e66b64"},
    {file = "pyrsistent-0.19.3.tar.gz", hash = "sha256:1a2994773706bbb4995c31a97bc94f1418314923bd1048c6d964837040376440"},
]

[[package]]
name = "pytest"
version = "8.3.4"
description = "pytest: simple powerful testing with Python"
optional = false
python-versions = ">=3.8"
files = [
    {file = "pytest-8.3.4-py3-none-any.whl", hash = "sha256:50e16d954148559c9a74109af1eaf0c945ba2d8f30f0a3d3335edde19788b6f6"},
    {file = "pytest-8.3.4.tar.gz", hash = "sha256:965370d062bce11e73868e0335abac31b4d3de0e82f4007408d242b4f8610761"},
]

[package.dependencies]
colorama = {version = "*", markers = "sys_platform == \"win32\""}
exceptiongroup = {version = ">=1.0.0rc8", markers = "python_version < \"3.11\""}
iniconfig = "*"
packaging = "*"
pluggy = ">=1.5,<2"
tomli = {version = ">=1", markers = "python_version < \"3.11\""}

[package.extras]
dev = ["argcomplete", "attrs (>=19.2)", "hypothesis (>=3.56)", "mock", "pygments (>=2.7.2)", "requests", "setuptools", "xmlschema"]

[[package]]
name = "tomli"
version = "2.0.1"
description = "A lil' TOML parser"
optional = false
python-versions = ">=3.7"
files = [
    {file = "tomli-2.0.1-py3-none-any.whl", hash = "sha256:939de3e7a6161af0c887ef91b7d41a53e7c5a1ca976325f429cb46ea9bc30ecc"},
    {file = "tomli-2.0.1.tar.gz", hash = "sha256:de526c12914f0c550d15924c62d72abc48d6fe7364aa87328337a31007fe8a4f"},
]

[[package]]
name = "typing-extensions"
version = "4.12.2"
description = "Backported and Experimental Type Hints for Python 3.8+"
optional = false
python-versions = ">=3.8"
files = [
    {file = "typing_extensions-4.12.2-py3-none-any.whl", hash = "sha256:04e5ca0351e0f3f85c6853954072df659d0d13fac324d0072316b67d7794700d"},
    {file = "typing_extensions-4.12.2.tar.gz", hash = "sha256:1a7ead55c7e559dd4dee8856e3a88b41225abfe1ce8df57b7c13915fe121ffb8"},
]

[metadata]
lock-version = "2.0"
python-versions = "^3.9.1"
content-hash = "38a6f587a2c4fc21e15a5aacef373d9cad624349bb73726e719f92020fd55845"
