# This file is automatically @generated by Poetry 1.8.3 and should not be changed by hand.

[[package]]
name = "attrs"
version = "23.1.0"
description = "Classes Without Boilerplate"
optional = false
python-versions = ">=3.7"
files = [
    {file = "attrs-23.1.0-py3-none-any.whl", hash = "sha256:1f28b4522cdc2fb4256ac1a020c78acf9cba2c6b461ccd2c126f3aa8e8335d04"},
    {file = "attrs-23.1.0.tar.gz", hash = "sha256:6279836d581513a26f1bf235f9acd333bc9115683f14f7e8fae46c98fc50e015"},
]

[package.extras]
cov = ["attrs[tests]", "coverage[toml] (>=5.3)"]
dev = ["attrs[docs,tests]", "pre-commit"]
docs = ["furo", "myst-parser", "sphinx", "sphinx-notfound-page", "sphinxcontrib-towncrier", "towncrier", "zope-interface"]
tests = ["attrs[tests-no-zope]", "zope-interface"]
tests-no-zope = ["cloudpickle", "hypothesis", "mypy (>=1.1.1)", "pympler", "pytest (>=4.3.0)", "pytest-mypy-plugins", "pytest-xdist[psutil]"]

[[package]]
name = "autopep8"
version = "2.3.1"
description = "A tool that automatically formats Python code to conform to the PEP 8 style guide"
optional = false
python-versions = ">=3.8"
files = [
    {file = "autopep8-2.3.1-py2.py3-none-any.whl", hash = "sha256:a203fe0fcad7939987422140ab17a930f684763bf7335bdb6709991dd7ef6c2d"},
    {file = "autopep8-2.3.1.tar.gz", hash = "sha256:8d6c87eba648fdcfc83e29b788910b8643171c395d9c4bcf115ece035b9c9dda"},
]

[package.dependencies]
pycodestyle = ">=2.12.0"
tomli = {version = "*", markers = "python_version < \"3.11\""}

[[package]]
name = "colorama"
version = "0.4.6"
description = "Cross-platform colored terminal text."
optional = false
python-versions = "!=3.0.*,!=3.1.*,!=3.2.*,!=3.3.*,!=3.4.*,!=3.5.*,!=3.6.*,>=2.7"
files = [
    {file = "colorama-0.4.6-py2.py3-none-any.whl", hash = "sha256:4f1d9991f5acc0ca119f9d443620b77f9d6b33703e51011c16baf57afb285fc6"},
    {file = "colorama-0.4.6.tar.gz", hash = "sha256:08695f5cb7ed6e0531a20572697297273c47b8cae5a63ffc6d6ed5c201be6e44"},
]

[[package]]
name = "coverage"
version = "7.6.9"
description = "Code coverage measurement for Python"
optional = false
python-versions = ">=3.9"
files = [
    {file = "coverage-7.6.9-cp310-cp310-macosx_10_9_x86_64.whl", hash = "sha256:85d9636f72e8991a1706b2b55b06c27545448baf9f6dbf51c4004609aacd7dcb"},
    {file = "coverage-7.6.9-cp310-cp310-macosx_11_0_arm64.whl", hash = "sha256:608a7fd78c67bee8936378299a6cb9f5149bb80238c7a566fc3e6717a4e68710"},
    {file = "coverage-7.6.9-cp310-cp310-manylinux_2_17_aarch64.manylinux2014_aarch64.whl", hash = "sha256:96d636c77af18b5cb664ddf12dab9b15a0cfe9c0bde715da38698c8cea748bfa"},
    {file = "coverage-7.6.9-cp310-cp310-manylinux_2_5_i686.manylinux1_i686.manylinux_2_17_i686.manylinux2014_i686.whl", hash = "sha256:d75cded8a3cff93da9edc31446872d2997e327921d8eed86641efafd350e1df1"},
    {file = "coverage-7.6.9-cp310-cp310-manylinux_2_5_x86_64.manylinux1_x86_64.manylinux_2_17_x86_64.manylinux2014_x86_64.whl", hash = "sha256:f7b15f589593110ae767ce997775d645b47e5cbbf54fd322f8ebea6277466cec"},
    {file = "coverage-7.6.9-cp310-cp310-musllinux_1_2_aarch64.whl", hash = "sha256:44349150f6811b44b25574839b39ae35291f6496eb795b7366fef3bd3cf112d3"},
    {file = "coverage-7.6.9-cp310-cp310-musllinux_1_2_i686.whl", hash = "sha256:d891c136b5b310d0e702e186d70cd16d1119ea8927347045124cb286b29297e5"},
    {file = "coverage-7.6.9-cp310-cp310-musllinux_1_2_x86_64.whl", hash = "sha256:db1dab894cc139f67822a92910466531de5ea6034ddfd2b11c0d4c6257168073"},
    {file = "coverage-7.6.9-cp310-cp310-win32.whl", hash = "sha256:41ff7b0da5af71a51b53f501a3bac65fb0ec311ebed1632e58fc6107f03b9198"},
    {file = "coverage-7.6.9-cp310-cp310-win_amd64.whl", hash = "sha256:35371f8438028fdccfaf3570b31d98e8d9eda8bb1d6ab9473f5a390969e98717"},
    {file = "coverage-7.6.9-cp311-cp311-macosx_10_9_x86_64.whl", hash = "sha256:932fc826442132dde42ee52cf66d941f581c685a6313feebed358411238f60f9"},
    {file = "coverage-7.6.9-cp311-cp311-macosx_11_0_arm64.whl", hash = "sha256:085161be5f3b30fd9b3e7b9a8c301f935c8313dcf928a07b116324abea2c1c2c"},
    {file = "coverage-7.6.9-cp311-cp311-manylinux_2_17_aarch64.manylinux2014_aarch64.whl", hash = "sha256:ccc660a77e1c2bf24ddbce969af9447a9474790160cfb23de6be4fa88e3951c7"},
    {file = "coverage-7.6.9-cp311-cp311-manylinux_2_5_i686.manylinux1_i686.manylinux_2_17_i686.manylinux2014_i686.whl", hash = "sha256:c69e42c892c018cd3c8d90da61d845f50a8243062b19d228189b0224150018a9"},
    {file = "coverage-7.6.9-cp311-cp311-manylinux_2_5_x86_64.manylinux1_x86_64.manylinux_2_17_x86_64.manylinux2014_x86_64.whl", hash = "sha256:0824a28ec542a0be22f60c6ac36d679e0e262e5353203bea81d44ee81fe9c6d4"},
    {file = "coverage-7.6.9-cp311-cp311-musllinux_1_2_aarch64.whl", hash = "sha256:4401ae5fc52ad8d26d2a5d8a7428b0f0c72431683f8e63e42e70606374c311a1"},
    {file = "coverage-7.6.9-cp311-cp311-musllinux_1_2_i686.whl", hash = "sha256:98caba4476a6c8d59ec1eb00c7dd862ba9beca34085642d46ed503cc2d440d4b"},
    {file = "coverage-7.6.9-cp311-cp311-musllinux_1_2_x86_64.whl", hash = "sha256:ee5defd1733fd6ec08b168bd4f5387d5b322f45ca9e0e6c817ea6c4cd36313e3"},
    {file = "coverage-7.6.9-cp311-cp311-win32.whl", hash = "sha256:f2d1ec60d6d256bdf298cb86b78dd715980828f50c46701abc3b0a2b3f8a0dc0"},
    {file = "coverage-7.6.9-cp311-cp311-win_amd64.whl", hash = "sha256:0d59fd927b1f04de57a2ba0137166d31c1a6dd9e764ad4af552912d70428c92b"},
    {file = "coverage-7.6.9-cp312-cp312-macosx_10_13_x86_64.whl", hash = "sha256:99e266ae0b5d15f1ca8d278a668df6f51cc4b854513daab5cae695ed7b721cf8"},
    {file = "coverage-7.6.9-cp312-cp312-macosx_11_0_arm64.whl", hash = "sha256:9901d36492009a0a9b94b20e52ebfc8453bf49bb2b27bca2c9706f8b4f5a554a"},
    {file = "coverage-7.6.9-cp312-cp312-manylinux_2_17_aarch64.manylinux2014_aarch64.whl", hash = "sha256:abd3e72dd5b97e3af4246cdada7738ef0e608168de952b837b8dd7e90341f015"},
    {file = "coverage-7.6.9-cp312-cp312-manylinux_2_5_i686.manylinux1_i686.manylinux_2_17_i686.manylinux2014_i686.whl", hash = "sha256:ff74026a461eb0660366fb01c650c1d00f833a086b336bdad7ab00cc952072b3"},
    {file = "coverage-7.6.9-cp312-cp312-manylinux_2_5_x86_64.manylinux1_x86_64.manylinux_2_17_x86_64.manylinux2014_x86_64.whl", hash = "sha256:65dad5a248823a4996724a88eb51d4b31587aa7aa428562dbe459c684e5787ae"},
    {file = "coverage-7.6.9-cp312-cp312-musllinux_1_2_aarch64.whl", hash = "sha256:22be16571504c9ccea919fcedb459d5ab20d41172056206eb2994e2ff06118a4"},
    {file = "coverage-7.6.9-cp312-cp312-musllinux_1_2_i686.whl", hash = "sha256:0f957943bc718b87144ecaee70762bc2bc3f1a7a53c7b861103546d3a403f0a6"},
    {file = "coverage-7.6.9-cp312-cp312-musllinux_1_2_x86_64.whl", hash = "sha256:0ae1387db4aecb1f485fb70a6c0148c6cdaebb6038f1d40089b1fc84a5db556f"},
    {file = "coverage-7.6.9-cp312-cp312-win32.whl", hash = "sha256:1a330812d9cc7ac2182586f6d41b4d0fadf9be9049f350e0efb275c8ee8eb692"},
    {file = "coverage-7.6.9-cp312-cp312-win_amd64.whl", hash = "sha256:b12c6b18269ca471eedd41c1b6a1065b2f7827508edb9a7ed5555e9a56dcfc97"},
    {file = "coverage-7.6.9-cp313-cp313-macosx_10_13_x86_64.whl", hash = "sha256:899b8cd4781c400454f2f64f7776a5d87bbd7b3e7f7bda0cb18f857bb1334664"},
    {file = "coverage-7.6.9-cp313-cp313-macosx_11_0_arm64.whl", hash = "sha256:61f70dc68bd36810972e55bbbe83674ea073dd1dcc121040a08cdf3416c5349c"},
    {file = "coverage-7.6.9-cp313-cp313-manylinux_2_17_aarch64.manylinux2014_aarch64.whl", hash = "sha256:8a289d23d4c46f1a82d5db4abeb40b9b5be91731ee19a379d15790e53031c014"},
    {file = "coverage-7.6.9-cp313-cp313-manylinux_2_5_i686.manylinux1_i686.manylinux_2_17_i686.manylinux2014_i686.whl", hash = "sha256:7e216d8044a356fc0337c7a2a0536d6de07888d7bcda76febcb8adc50bdbbd00"},
    {file = "coverage-7.6.9-cp313-cp313-manylinux_2_5_x86_64.manylinux1_x86_64.manylinux_2_17_x86_64.manylinux2014_x86_64.whl", hash = "sha256:3c026eb44f744acaa2bda7493dad903aa5bf5fc4f2554293a798d5606710055d"},
    {file = "coverage-7.6.9-cp313-cp313-musllinux_1_2_aarch64.whl", hash = "sha256:e77363e8425325384f9d49272c54045bbed2f478e9dd698dbc65dbc37860eb0a"},
    {file = "coverage-7.6.9-cp313-cp313-musllinux_1_2_i686.whl", hash = "sha256:777abfab476cf83b5177b84d7486497e034eb9eaea0d746ce0c1268c71652077"},
    {file = "coverage-7.6.9-cp313-cp313-musllinux_1_2_x86_64.whl", hash = "sha256:447af20e25fdbe16f26e84eb714ba21d98868705cb138252d28bc400381f6ffb"},
    {file = "coverage-7.6.9-cp313-cp313-win32.whl", hash = "sha256:d872ec5aeb086cbea771c573600d47944eea2dcba8be5f3ee649bfe3cb8dc9ba"},
    {file = "coverage-7.6.9-cp313-cp313-win_amd64.whl", hash = "sha256:fd1213c86e48dfdc5a0cc676551db467495a95a662d2396ecd58e719191446e1"},
    {file = "coverage-7.6.9-cp313-cp313t-macosx_10_13_x86_64.whl", hash = "sha256:ba9e7484d286cd5a43744e5f47b0b3fb457865baf07bafc6bee91896364e1419"},
    {file = "coverage-7.6.9-cp313-cp313t-macosx_11_0_arm64.whl", hash = "sha256:e5ea1cf0872ee455c03e5674b5bca5e3e68e159379c1af0903e89f5eba9ccc3a"},
    {file = "coverage-7.6.9-cp313-cp313t-manylinux_2_17_aarch64.manylinux2014_aarch64.whl", hash = "sha256:2d10e07aa2b91835d6abec555ec8b2733347956991901eea6ffac295f83a30e4"},
    {file = "coverage-7.6.9-cp313-cp313t-manylinux_2_5_i686.manylinux1_i686.manylinux_2_17_i686.manylinux2014_i686.whl", hash = "sha256:13a9e2d3ee855db3dd6ea1ba5203316a1b1fd8eaeffc37c5b54987e61e4194ae"},
    {file = "coverage-7.6.9-cp313-cp313t-manylinux_2_5_x86_64.manylinux1_x86_64.manylinux_2_17_x86_64.manylinux2014_x86_64.whl", hash = "sha256:9c38bf15a40ccf5619fa2fe8f26106c7e8e080d7760aeccb3722664c8656b030"},
    {file = "coverage-7.6.9-cp313-cp313t-musllinux_1_2_aarch64.whl", hash = "sha256:d5275455b3e4627c8e7154feaf7ee0743c2e7af82f6e3b561967b1cca755a0be"},
    {file = "coverage-7.6.9-cp313-cp313t-musllinux_1_2_i686.whl", hash = "sha256:8f8770dfc6e2c6a2d4569f411015c8d751c980d17a14b0530da2d7f27ffdd88e"},
    {file = "coverage-7.6.9-cp313-cp313t-musllinux_1_2_x86_64.whl", hash = "sha256:8d2dfa71665a29b153a9681edb1c8d9c1ea50dfc2375fb4dac99ea7e21a0bcd9"},
    {file = "coverage-7.6.9-cp313-cp313t-win32.whl", hash = "sha256:5e6b86b5847a016d0fbd31ffe1001b63355ed309651851295315031ea7eb5a9b"},
    {file = "coverage-7.6.9-cp313-cp313t-win_amd64.whl", hash = "sha256:97ddc94d46088304772d21b060041c97fc16bdda13c6c7f9d8fcd8d5ae0d8611"},
    {file = "coverage-7.6.9-cp39-cp39-macosx_10_9_x86_64.whl", hash = "sha256:adb697c0bd35100dc690de83154627fbab1f4f3c0386df266dded865fc50a902"},
    {file = "coverage-7.6.9-cp39-cp39-macosx_11_0_arm64.whl", hash = "sha256:be57b6d56e49c2739cdf776839a92330e933dd5e5d929966fbbd380c77f060be"},
    {file = "coverage-7.6.9-cp39-cp39-manylinux_2_17_aarch64.manylinux2014_aarch64.whl", hash = "sha256:f1592791f8204ae9166de22ba7e6705fa4ebd02936c09436a1bb85aabca3e599"},
    {file = "coverage-7.6.9-cp39-cp39-manylinux_2_5_i686.manylinux1_i686.manylinux_2_17_i686.manylinux2014_i686.whl", hash = "sha256:4e12ae8cc979cf83d258acb5e1f1cf2f3f83524d1564a49d20b8bec14b637f08"},
    {file = "coverage-7.6.9-cp39-cp39-manylinux_2_5_x86_64.manylinux1_x86_64.manylinux_2_17_x86_64.manylinux2014_x86_64.whl", hash = "sha256:bb5555cff66c4d3d6213a296b360f9e1a8e323e74e0426b6c10ed7f4d021e464"},
    {file = "coverage-7.6.9-cp39-cp39-musllinux_1_2_aarch64.whl", hash = "sha256:b9389a429e0e5142e69d5bf4a435dd688c14478a19bb901735cdf75e57b13845"},
    {file = "coverage-7.6.9-cp39-cp39-musllinux_1_2_i686.whl", hash = "sha256:592ac539812e9b46046620341498caf09ca21023c41c893e1eb9dbda00a70cbf"},
    {file = "coverage-7.6.9-cp39-cp39-musllinux_1_2_x86_64.whl", hash = "sha256:a27801adef24cc30871da98a105f77995e13a25a505a0161911f6aafbd66e678"},
    {file = "coverage-7.6.9-cp39-cp39-win32.whl", hash = "sha256:8e3c3e38930cfb729cb8137d7f055e5a473ddaf1217966aa6238c88bd9fd50e6"},
    {file = "coverage-7.6.9-cp39-cp39-win_amd64.whl", hash = "sha256:e28bf44afa2b187cc9f41749138a64435bf340adfcacb5b2290c070ce99839d4"},
    {file = "coverage-7.6.9-pp39.pp310-none-any.whl", hash = "sha256:f3ca78518bc6bc92828cd11867b121891d75cae4ea9e908d72030609b996db1b"},
    {file = "coverage-7.6.9.tar.gz", hash = "sha256:4a8d8977b0c6ef5aeadcb644da9e69ae0dcfe66ec7f368c89c72e058bd71164d"},
]

[package.extras]
toml = ["tomli"]

[[package]]
name = "exceptiongroup"
version = "1.1.1"
description = "Backport of PEP 654 (exception groups)"
optional = false
python-versions = ">=3.7"
files = [
    {file = "exceptiongroup-1.1.1-py3-none-any.whl", hash = "sha256:232c37c63e4f682982c8b6459f33a8981039e5fb8756b2074364e5055c498c9e"},
    {file = "exceptiongroup-1.1.1.tar.gz", hash = "sha256:d484c3090ba2889ae2928419117447a14daf3c1231d5e30d0aae34f354f01785"},
]

[package.extras]
test = ["pytest (>=6)"]

[[package]]
name = "fl-studio-api-stubs"
version = "33.2.0"
description = "Module and function definitions and documentation for the FL Studio Python API"
optional = false
python-versions = ">=3.9,<4.0"
files = [
    {file = "fl_studio_api_stubs-33.2.0-py3-none-any.whl", hash = "sha256:2834f13dfecd978bd5e0d07ee23cd124f8575e00b97a6ad3637663fd347dc34a"},
    {file = "fl_studio_api_stubs-33.2.0.tar.gz", hash = "sha256:277bedf18e78aa58db3976c1ab8f54b03d1080124e8083de0b8564bf5d8ee185"},
]

[package.dependencies]
jsonschema = ">=4.17.3,<5.0.0"

[[package]]
name = "flake8"
version = "7.1.1"
description = "the modular source code checker: pep8 pyflakes and co"
optional = false
python-versions = ">=3.8.1"
files = [
    {file = "flake8-7.1.1-py2.py3-none-any.whl", hash = "sha256:597477df7860daa5aa0fdd84bf5208a043ab96b8e96ab708770ae0364dd03213"},
    {file = "flake8-7.1.1.tar.gz", hash = "sha256:049d058491e228e03e67b390f311bbf88fce2dbaa8fa673e7aea87b7198b8d38"},
]

[package.dependencies]
mccabe = ">=0.7.0,<0.8.0"
pycodestyle = ">=2.12.0,<2.13.0"
pyflakes = ">=3.2.0,<3.3.0"

[[package]]
name = "iniconfig"
version = "2.0.0"
description = "brain-dead simple config-ini parsing"
optional = false
python-versions = ">=3.7"
files = [
    {file = "iniconfig-2.0.0-py3-none-any.whl", hash = "sha256:b6a85871a79d2e3b22d2d1b94ac2824226a63c6b741c88f7ae975f18b6778374"},
    {file = "iniconfig-2.0.0.tar.gz", hash = "sha256:2d91e135bf72d31a410b17c16da610a82cb55f6b0477d1a902134b24a455b8b3"},
]

[[package]]
name = "isort"
version = "5.13.2"
description = "A Python utility / library to sort Python imports."
optional = false
python-versions = ">=3.8.0"
files = [
    {file = "isort-5.13.2-py3-none-any.whl", hash = "sha256:8ca5e72a8d85860d5a3fa69b8745237f2939afe12dbf656afbcb47fe72d947a6"},
    {file = "isort-5.13.2.tar.gz", hash = "sha256:48fdfcb9face5d58a4f6dde2e72a1fb8dcaf8ab26f95ab49fab84c2ddefb0109"},
]

[package.extras]
colors = ["colorama (>=0.4.6)"]

[[package]]
name = "jestspectation"
version = "1.4.3"
description = "Pattern matching tools to test complex data structures"
optional = false
python-versions = "<4.0,>=3.9"
files = [
    {file = "jestspectation-1.4.3-py3-none-any.whl", hash = "sha256:7883f81db9dd10199b67220f46067314c5562092ce12fd4e5002b10e2e188635"},
    {file = "jestspectation-1.4.3.tar.gz", hash = "sha256:9a961ba0279753e76c33080bfe915ba6a63661a969e9aa62fb65b95ac211f32b"},
]

[package.dependencies]
typing-extensions = ">=4.5.0,<5.0.0"

[[package]]
name = "jsonschema"
version = "4.17.3"
description = "An implementation of JSON Schema validation for Python"
optional = false
python-versions = ">=3.7"
files = [
    {file = "jsonschema-4.17.3-py3-none-any.whl", hash = "sha256:a870ad254da1a8ca84b6a2905cac29d265f805acc57af304784962a2aa6508f6"},
    {file = "jsonschema-4.17.3.tar.gz", hash = "sha256:0f864437ab8b6076ba6707453ef8f98a6a0d512a80e93f8abdb676f737ecb60d"},
]

[package.dependencies]
attrs = ">=17.4.0"
pyrsistent = ">=0.14.0,<0.17.0 || >0.17.0,<0.17.1 || >0.17.1,<0.17.2 || >0.17.2"

[package.extras]
format = ["fqdn", "idna", "isoduration", "jsonpointer (>1.13)", "rfc3339-validator", "rfc3987", "uri-template", "webcolors (>=1.11)"]
format-nongpl = ["fqdn", "idna", "isoduration", "jsonpointer (>1.13)", "rfc3339-validator", "rfc3986-validator (>0.1.0)", "uri-template", "webcolors (>=1.11)"]

[[package]]
name = "mccabe"
version = "0.7.0"
description = "McCabe checker, plugin for flake8"
optional = false
python-versions = ">=3.6"
files = [
    {file = "mccabe-0.7.0-py2.py3-none-any.whl", hash = "sha256:6c2d30ab6be0e4a46919781807b4f0d834ebdd6c6e3dca0bda5a15f863427b6e"},
    {file = "mccabe-0.7.0.tar.gz", hash = "sha256:348e0240c33b60bbdf4e523192ef919f28cb2c3d7d5c7794f74009290f236325"},
]

[[package]]
name = "mypy"
version = "1.13.0"
description = "Optional static typing for Python"
optional = false
python-versions = ">=3.8"
files = [
    {file = "mypy-1.13.0-cp310-cp310-macosx_10_9_x86_64.whl", hash = "sha256:6607e0f1dd1fb7f0aca14d936d13fd19eba5e17e1cd2a14f808fa5f8f6d8f60a"},
    {file = "mypy-1.13.0-cp310-cp310-macosx_11_0_arm64.whl", hash = "sha256:8a21be69bd26fa81b1f80a61ee7ab05b076c674d9b18fb56239d72e21d9f4c80"},
    {file = "mypy-1.13.0-cp310-cp310-manylinux_2_17_x86_64.manylinux2014_x86_64.manylinux_2_28_x86_64.whl", hash = "sha256:7b2353a44d2179846a096e25691d54d59904559f4232519d420d64da6828a3a7"},
    {file = "mypy-1.13.0-cp310-cp310-musllinux_1_1_x86_64.whl", hash = "sha256:0730d1c6a2739d4511dc4253f8274cdd140c55c32dfb0a4cf8b7a43f40abfa6f"},
    {file = "mypy-1.13.0-cp310-cp310-win_amd64.whl", hash = "sha256:c5fc54dbb712ff5e5a0fca797e6e0aa25726c7e72c6a5850cfd2adbc1eb0a372"},
    {file = "mypy-1.13.0-cp311-cp311-macosx_10_9_x86_64.whl", hash = "sha256:581665e6f3a8a9078f28d5502f4c334c0c8d802ef55ea0e7276a6e409bc0d82d"},
    {file = "mypy-1.13.0-cp311-cp311-macosx_11_0_arm64.whl", hash = "sha256:3ddb5b9bf82e05cc9a627e84707b528e5c7caaa1c55c69e175abb15a761cec2d"},
    {file = "mypy-1.13.0-cp311-cp311-manylinux_2_17_x86_64.manylinux2014_x86_64.manylinux_2_28_x86_64.whl", hash = "sha256:20c7ee0bc0d5a9595c46f38beb04201f2620065a93755704e141fcac9f59db2b"},
    {file = "mypy-1.13.0-cp311-cp311-musllinux_1_1_x86_64.whl", hash = "sha256:3790ded76f0b34bc9c8ba4def8f919dd6a46db0f5a6610fb994fe8efdd447f73"},
    {file = "mypy-1.13.0-cp311-cp311-win_amd64.whl", hash = "sha256:51f869f4b6b538229c1d1bcc1dd7d119817206e2bc54e8e374b3dfa202defcca"},
    {file = "mypy-1.13.0-cp312-cp312-macosx_10_13_x86_64.whl", hash = "sha256:5c7051a3461ae84dfb5dd15eff5094640c61c5f22257c8b766794e6dd85e72d5"},
    {file = "mypy-1.13.0-cp312-cp312-macosx_11_0_arm64.whl", hash = "sha256:39bb21c69a5d6342f4ce526e4584bc5c197fd20a60d14a8624d8743fffb9472e"},
    {file = "mypy-1.13.0-cp312-cp312-manylinux_2_17_x86_64.manylinux2014_x86_64.manylinux_2_28_x86_64.whl", hash = "sha256:164f28cb9d6367439031f4c81e84d3ccaa1e19232d9d05d37cb0bd880d3f93c2"},
    {file = "mypy-1.13.0-cp312-cp312-musllinux_1_1_x86_64.whl", hash = "sha256:a4c1bfcdbce96ff5d96fc9b08e3831acb30dc44ab02671eca5953eadad07d6d0"},
    {file = "mypy-1.13.0-cp312-cp312-win_amd64.whl", hash = "sha256:a0affb3a79a256b4183ba09811e3577c5163ed06685e4d4b46429a271ba174d2"},
    {file = "mypy-1.13.0-cp313-cp313-macosx_10_13_x86_64.whl", hash = "sha256:a7b44178c9760ce1a43f544e595d35ed61ac2c3de306599fa59b38a6048e1aa7"},
    {file = "mypy-1.13.0-cp313-cp313-macosx_11_0_arm64.whl", hash = "sha256:5d5092efb8516d08440e36626f0153b5006d4088c1d663d88bf79625af3d1d62"},
    {file = "mypy-1.13.0-cp313-cp313-manylinux_2_17_x86_64.manylinux2014_x86_64.manylinux_2_28_x86_64.whl", hash = "sha256:de2904956dac40ced10931ac967ae63c5089bd498542194b436eb097a9f77bc8"},
    {file = "mypy-1.13.0-cp313-cp313-musllinux_1_1_x86_64.whl", hash = "sha256:7bfd8836970d33c2105562650656b6846149374dc8ed77d98424b40b09340ba7"},
    {file = "mypy-1.13.0-cp313-cp313-win_amd64.whl", hash = "sha256:9f73dba9ec77acb86457a8fc04b5239822df0c14a082564737833d2963677dbc"},
    {file = "mypy-1.13.0-cp38-cp38-macosx_10_9_x86_64.whl", hash = "sha256:100fac22ce82925f676a734af0db922ecfea991e1d7ec0ceb1e115ebe501301a"},
    {file = "mypy-1.13.0-cp38-cp38-macosx_11_0_arm64.whl", hash = "sha256:7bcb0bb7f42a978bb323a7c88f1081d1b5dee77ca86f4100735a6f541299d8fb"},
    {file = "mypy-1.13.0-cp38-cp38-manylinux_2_17_x86_64.manylinux2014_x86_64.manylinux_2_28_x86_64.whl", hash = "sha256:bde31fc887c213e223bbfc34328070996061b0833b0a4cfec53745ed61f3519b"},
    {file = "mypy-1.13.0-cp38-cp38-musllinux_1_1_x86_64.whl", hash = "sha256:07de989f89786f62b937851295ed62e51774722e5444a27cecca993fc3f9cd74"},
    {file = "mypy-1.13.0-cp38-cp38-win_amd64.whl", hash = "sha256:4bde84334fbe19bad704b3f5b78c4abd35ff1026f8ba72b29de70dda0916beb6"},
    {file = "mypy-1.13.0-cp39-cp39-macosx_10_9_x86_64.whl", hash = "sha256:0246bcb1b5de7f08f2826451abd947bf656945209b140d16ed317f65a17dc7dc"},
    {file = "mypy-1.13.0-cp39-cp39-macosx_11_0_arm64.whl", hash = "sha256:7f5b7deae912cf8b77e990b9280f170381fdfbddf61b4ef80927edd813163732"},
    {file = "mypy-1.13.0-cp39-cp39-manylinux_2_17_x86_64.manylinux2014_x86_64.manylinux_2_28_x86_64.whl", hash = "sha256:7029881ec6ffb8bc233a4fa364736789582c738217b133f1b55967115288a2bc"},
    {file = "mypy-1.13.0-cp39-cp39-musllinux_1_1_x86_64.whl", hash = "sha256:3e38b980e5681f28f033f3be86b099a247b13c491f14bb8b1e1e134d23bb599d"},
    {file = "mypy-1.13.0-cp39-cp39-win_amd64.whl", hash = "sha256:a6789be98a2017c912ae6ccb77ea553bbaf13d27605d2ca20a76dfbced631b24"},
    {file = "mypy-1.13.0-py3-none-any.whl", hash = "sha256:9c250883f9fd81d212e0952c92dbfcc96fc237f4b7c92f56ac81fd48460b3e5a"},
    {file = "mypy-1.13.0.tar.gz", hash = "sha256:0291a61b6fbf3e6673e3405cfcc0e7650bebc7939659fdca2702958038bd835e"},
]

[package.dependencies]
mypy-extensions = ">=1.0.0"
tomli = {version = ">=1.1.0", markers = "python_version < \"3.11\""}
typing-extensions = ">=4.6.0"

[package.extras]
dmypy = ["psutil (>=4.0)"]
faster-cache = ["orjson"]
install-types = ["pip"]
mypyc = ["setuptools (>=50)"]
reports = ["lxml"]

[[package]]
name = "mypy-extensions"
version = "1.0.0"
description = "Type system extensions for programs checked with the mypy type checker."
optional = false
python-versions = ">=3.5"
files = [
    {file = "mypy_extensions-1.0.0-py3-none-any.whl", hash = "sha256:4392f6c0eb8a5668a69e23d168ffa70f0be9ccfd32b5cc2d26a34ae5b844552d"},
    {file = "mypy_extensions-1.0.0.tar.gz", hash = "sha256:75dbf8955dc00442a438fc4d0666508a9a97b6bd41aa2f0ffe9d2f2725af0782"},
]

[[package]]
name = "packaging"
version = "23.1"
description = "Core utilities for Python packages"
optional = false
python-versions = ">=3.7"
files = [
    {file = "packaging-23.1-py3-none-any.whl", hash = "sha256:994793af429502c4ea2ebf6bf664629d07c1a9fe974af92966e4b8d2df7edc61"},
    {file = "packaging-23.1.tar.gz", hash = "sha256:a392980d2b6cffa644431898be54b0045151319d1e7ec34f0cfed48767dd334f"},
]

[[package]]
name = "pluggy"
version = "1.5.0"
description = "plugin and hook calling mechanisms for python"
optional = false
python-versions = ">=3.8"
files = [
    {file = "pluggy-1.5.0-py3-none-any.whl", hash = "sha256:44e1ad92c8ca002de6377e165f3e0f1be63266ab4d554740532335b9d75ea669"},
    {file = "pluggy-1.5.0.tar.gz", hash = "sha256:2cffa88e94fdc978c4c574f15f9e59b7f4201d439195c3715ca9e2486f1d0cf1"},
]

[package.extras]
dev = ["pre-commit", "tox"]
testing = ["pytest", "pytest-benchmark"]

[[package]]
name = "pycodestyle"
version = "2.12.0"
description = "Python style guide checker"
optional = false
python-versions = ">=3.8"
files = [
    {file = "pycodestyle-2.12.0-py2.py3-none-any.whl", hash = "sha256:949a39f6b86c3e1515ba1787c2022131d165a8ad271b11370a8819aa070269e4"},
    {file = "pycodestyle-2.12.0.tar.gz", hash = "sha256:442f950141b4f43df752dd303511ffded3a04c2b6fb7f65980574f0c31e6e79c"},
]

[[package]]
name = "pyflakes"
version = "3.2.0"
description = "passive checker of Python programs"
optional = false
python-versions = ">=3.8"
files = [
    {file = "pyflakes-3.2.0-py2.py3-none-any.whl", hash = "sha256:84b5be138a2dfbb40689ca07e2152deb896a65c3a3e24c251c5c62489568074a"},
    {file = "pyflakes-3.2.0.tar.gz", hash = "sha256:1c61603ff154621fb2a9172037d84dca3500def8c8b630657d1701f026f8af3f"},
]

[[package]]
name = "pyrsistent"
version = "0.19.3"
description = "Persistent/Functional/Immutable data structures"
optional = false
python-versions = ">=3.7"
files = [
    {file = "pyrsistent-0.19.3-cp310-cp310-macosx_10_9_universal2.whl", hash = "sha256:20460ac0ea439a3e79caa1dbd560344b64ed75e85d8703943e0b66c2a6150e4a"},
    {file = "pyrsistent-0.19.3-cp310-cp310-manylinux_2_17_aarch64.manylinux2014_aarch64.whl", hash = "sha256:4c18264cb84b5e68e7085a43723f9e4c1fd1d935ab240ce02c0324a8e01ccb64"},
    {file = "pyrsistent-0.19.3-cp310-cp310-manylinux_2_5_i686.manylinux1_i686.manylinux_2_17_i686.manylinux2014_i686.whl", hash = "sha256:4b774f9288dda8d425adb6544e5903f1fb6c273ab3128a355c6b972b7df39dcf"},
    {file = "pyrsistent-0.19.3-cp310-cp310-win32.whl", hash = "sha256:5a474fb80f5e0d6c9394d8db0fc19e90fa540b82ee52dba7d246a7791712f74a"},
    {file = "pyrsistent-0.19.3-cp310-cp310-win_amd64.whl", hash = "sha256:49c32f216c17148695ca0e02a5c521e28a4ee6c5089f97e34fe24163113722da"},
    {file = "pyrsistent-0.19.3-cp311-cp311-macosx_10_9_universal2.whl", hash = "sha256:f0774bf48631f3a20471dd7c5989657b639fd2d285b861237ea9e82c36a415a9"},
    {file = "pyrsistent-0.19.3-cp311-cp311-manylinux_2_17_aarch64.manylinux2014_aarch64.whl", hash = "sha256:3ab2204234c0ecd8b9368dbd6a53e83c3d4f3cab10ecaf6d0e772f456c442393"},
    {file = "pyrsistent-0.19.3-cp311-cp311-manylinux_2_5_i686.manylinux1_i686.manylinux_2_17_i686.manylinux2014_i686.whl", hash = "sha256:e42296a09e83028b3476f7073fcb69ffebac0e66dbbfd1bd847d61f74db30f19"},
    {file = "pyrsistent-0.19.3-cp311-cp311-win32.whl", hash = "sha256:64220c429e42a7150f4bfd280f6f4bb2850f95956bde93c6fda1b70507af6ef3"},
    {file = "pyrsistent-0.19.3-cp311-cp311-win_amd64.whl", hash = "sha256:016ad1afadf318eb7911baa24b049909f7f3bb2c5b1ed7b6a8f21db21ea3faa8"},
    {file = "pyrsistent-0.19.3-cp37-cp37m-macosx_10_9_x86_64.whl", hash = "sha256:c4db1bd596fefd66b296a3d5d943c94f4fac5bcd13e99bffe2ba6a759d959a28"},
    {file = "pyrsistent-0.19.3-cp37-cp37m-manylinux_2_17_aarch64.manylinux2014_aarch64.whl", hash = "sha256:aeda827381f5e5d65cced3024126529ddc4289d944f75e090572c77ceb19adbf"},
    {file = "pyrsistent-0.19.3-cp37-cp37m-manylinux_2_5_i686.manylinux1_i686.manylinux_2_17_i686.manylinux2014_i686.whl", hash = "sha256:42ac0b2f44607eb92ae88609eda931a4f0dfa03038c44c772e07f43e738bcac9"},
    {file = "pyrsistent-0.19.3-cp37-cp37m-win32.whl", hash = "sha256:e8f2b814a3dc6225964fa03d8582c6e0b6650d68a232df41e3cc1b66a5d2f8d1"},
    {file = "pyrsistent-0.19.3-cp37-cp37m-win_amd64.whl", hash = "sha256:c9bb60a40a0ab9aba40a59f68214eed5a29c6274c83b2cc206a359c4a89fa41b"},
    {file = "pyrsistent-0.19.3-cp38-cp38-macosx_10_9_universal2.whl", hash = "sha256:a2471f3f8693101975b1ff85ffd19bb7ca7dd7c38f8a81701f67d6b4f97b87d8"},
    {file = "pyrsistent-0.19.3-cp38-cp38-manylinux_2_17_aarch64.manylinux2014_aarch64.whl", hash = "sha256:cc5d149f31706762c1f8bda2e8c4f8fead6e80312e3692619a75301d3dbb819a"},
    {file = "pyrsistent-0.19.3-cp38-cp38-manylinux_2_5_i686.manylinux1_i686.manylinux_2_17_i686.manylinux2014_i686.whl", hash = "sha256:3311cb4237a341aa52ab8448c27e3a9931e2ee09561ad150ba94e4cfd3fc888c"},
    {file = "pyrsistent-0.19.3-cp38-cp38-win32.whl", hash = "sha256:f0e7c4b2f77593871e918be000b96c8107da48444d57005b6a6bc61fb4331b2c"},
    {file = "pyrsistent-0.19.3-cp38-cp38-win_amd64.whl", hash = "sha256:c147257a92374fde8498491f53ffa8f4822cd70c0d85037e09028e478cababb7"},
    {file = "pyrsistent-0.19.3-cp39-cp39-macosx_10_9_universal2.whl", hash = "sha256:b735e538f74ec31378f5a1e3886a26d2ca6351106b4dfde376a26fc32a044edc"},
    {file = "pyrsistent-0.19.3-cp39-cp39-manylinux_2_17_aarch64.manylinux2014_aarch64.whl", hash = "sha256:99abb85579e2165bd8522f0c0138864da97847875ecbd45f3e7e2af569bfc6f2"},
    {file = "pyrsistent-0.19.3-cp39-cp39-manylinux_2_5_i686.manylinux1_i686.manylinux_2_17_i686.manylinux2014_i686.whl", hash = "sha256:3a8cb235fa6d3fd7aae6a4f1429bbb1fec1577d978098da1252f0489937786f3"},
    {file = "pyrsistent-0.19.3-cp39-cp39-win32.whl", hash = "sha256:c74bed51f9b41c48366a286395c67f4e894374306b197e62810e0fdaf2364da2"},
    {file = "pyrsistent-0.19.3-cp39-cp39-win_amd64.whl", hash = "sha256:878433581fc23e906d947a6814336eee031a00e6defba224234169ae3d3d6a98"},
    {file = "pyrsistent-0.19.3-py3-none-any.whl", hash = "sha256:ccf0d6bd208f8111179f0c26fdf84ed7c3891982f2edaeae7422575f47e66b64"},
    {file = "pyrsistent-0.19.3.tar.gz", hash = "sha256:1a2994773706bbb4995c31a97bc94f1418314923bd1048c6d964837040376440"},
]

[[package]]
name = "pytest"
version = "8.3.4"
description = "pytest: simple powerful testing with Python"
optional = false
python-versions = ">=3.8"
files = [
    {file = "pytest-8.3.4-py3-none-any.whl", hash = "sha256:50e16d954148559c9a74109af1eaf0c945ba2d8f30f0a3d3335edde19788b6f6"},
    {file = "pytest-8.3.4.tar.gz", hash = "sha256:965370d062bce11e73868e0335abac31b4d3de0e82f4007408d242b4f8610761"},
]

[package.dependencies]
colorama = {version = "*", markers = "sys_platform == \"win32\""}
exceptiongroup = {version = ">=1.0.0rc8", markers = "python_version < \"3.11\""}
iniconfig = "*"
packaging = "*"
pluggy = ">=1.5,<2"
tomli = {version = ">=1", markers = "python_version < \"3.11\""}

[package.extras]
dev = ["argcomplete", "attrs (>=19.2)", "hypothesis (>=3.56)", "mock", "pygments (>=2.7.2)", "requests", "setuptools", "xmlschema"]

[[package]]
name = "tomli"
version = "2.0.1"
description = "A lil' TOML parser"
optional = false
python-versions = ">=3.7"
files = [
    {file = "tomli-2.0.1-py3-none-any.whl", hash = "sha256:939de3e7a6161af0c887ef91b7d41a53e7c5a1ca976325f429cb46ea9bc30ecc"},
    {file = "tomli-2.0.1.tar.gz", hash = "sha256:de526c12914f0c550d15924c62d72abc48d6fe7364aa87328337a31007fe8a4f"},
]

[[package]]
name = "typing-extensions"
version = "4.12.2"
description = "Backported and Experimental Type Hints for Python 3.8+"
optional = false
python-versions = ">=3.8"
files = [
    {file = "typing_extensions-4.12.2-py3-none-any.whl", hash = "sha256:04e5ca0351e0f3f85c6853954072df659d0d13fac324d0072316b67d7794700d"},
    {file = "typing_extensions-4.12.2.tar.gz", hash = "sha256:1a7ead55c7e559dd4dee8856e3a88b41225abfe1ce8df57b7c13915fe121ffb8"},
]

[metadata]
lock-version = "2.0"
python-versions = "^3.9.1"
content-hash = "82a47fba06fdb876690bf93b54069ed8726ca6b4195ad5e76359f857014673ee"
